<?xml version="1.0" encoding="utf-8"?>
<Project ToolsVersion="4.0" xmlns="http://schemas.microsoft.com/developer/msbuild/2003">
  <ItemGroup>
    <Filter Include="Исходные файлы">
      <UniqueIdentifier>{4FC737F1-C7A5-4376-A066-2A32D752A2FF}</UniqueIdentifier>
      <Extensions>cpp;c;cc;cxx;c++;cppm;ixx;def;odl;idl;hpj;bat;asm;asmx</Extensions>
    </Filter>
    <Filter Include="Файлы заголовков">
      <UniqueIdentifier>{93995380-89BD-4b04-88EB-625FBE52EBFB}</UniqueIdentifier>
      <Extensions>h;hh;hpp;hxx;h++;hm;inl;inc;ipp;xsd</Extensions>
    </Filter>
    <Filter Include="Файлы ресурсов">
      <UniqueIdentifier>{67DA6AB6-F800-4c08-8B7A-83BB121AAD01}</UniqueIdentifier>
      <Extensions>rc;ico;cur;bmp;dlg;rc2;rct;bin;rgs;gif;jpg;jpeg;jpe;resx;tiff;tif;png;wav;mfcribbon-ms</Extensions>
    </Filter>
    <Filter Include="Aim">
      <UniqueIdentifier>{cce0bcab-19aa-49ce-af32-a6e001af8494}</UniqueIdentifier>
    </Filter>
  </ItemGroup>
  <ItemGroup>
    <ClCompile Include="ConsoleTest.cpp">
      <Filter>Исходные файлы</Filter>
    </ClCompile>
    <ClCompile Include="..\AlgorithmLi\Abstract\BaseField.cpp">
      <Filter>Aim</Filter>
    </ClCompile>
    <ClCompile Include="..\AlgorithmLi\Algorithm\Field.cpp">
      <Filter>Aim</Filter>
    </ClCompile>
    <ClCompile Include="..\AlgorithmLi\Algorithm\FieldCell.cpp">
      <Filter>Aim</Filter>
    </ClCompile>
    <ClCompile Include="..\AlgorithmLi\Labirint\LabirintMap.cpp">
      <Filter>Aim</Filter>
    </ClCompile>
    <ClCompile Include="..\AlgorithmLi\Algorithm\Point.cpp">
      <Filter>Aim</Filter>
    </ClCompile>
  </ItemGroup>
  <ItemGroup>
    <ClInclude Include="..\AlgorithmLi\Abstract\BaseField.h">
      <Filter>Aim</Filter>
    </ClInclude>
    <ClInclude Include="..\AlgorithmLi\Algorithm\Field.h">
      <Filter>Aim</Filter>
    </ClInclude>
    <ClInclude Include="..\AlgorithmLi\Algorithm\FieldCell.h">
      <Filter>Aim</Filter>
    </ClInclude>
    <ClInclude Include="..\AlgorithmLi\Labirint\LabirintMap.h">
      <Filter>Aim</Filter>
    </ClInclude>
    <ClInclude Include="..\AlgorithmLi\Algorithm\Point.h">
      <Filter>Aim</Filter>
    </ClInclude>
  </ItemGroup>
</Project>