<?xml version="1.0" encoding="utf-8"?>
<Project ToolsVersion="4.0" xmlns="http://schemas.microsoft.com/developer/msbuild/2003">
  <ItemGroup>
    <Filter Include="Source Files">
      <UniqueIdentifier>{4FC737F1-C7A5-4376-A066-2A32D752A2FF}</UniqueIdentifier>
      <Extensions>qml;cpp;c;cc;cxx;def;odl;idl;hpj;bat;asm;asmx</Extensions>
    </Filter>
    <Filter Include="Header Files">
      <UniqueIdentifier>{93995380-89BD-4b04-88EB-625FBE52EBFB}</UniqueIdentifier>
      <Extensions>h;hh;hpp;hxx;hm;inl;inc;xsd</Extensions>
    </Filter>
    <Filter Include="Resource Files">
      <UniqueIdentifier>{67DA6AB6-F800-4c08-8B7A-83BB121AAD01}</UniqueIdentifier>
      <Extensions>qrc;rc;ico;cur;bmp;dlg;rc2;rct;bin;rgs;gif;jpg;jpeg;jpe;resx;tiff;tif;png;wav;mfcribbon-ms</Extensions>
    </Filter>
    <Filter Include="Form Files">
      <UniqueIdentifier>{99349809-55BA-4b9d-BF79-8FDBB0286EB3}</UniqueIdentifier>
      <Extensions>ui</Extensions>
    </Filter>
    <Filter Include="Translation Files">
      <UniqueIdentifier>{639EADAA-A684-42e4-A9AD-28FC9BCB8F7C}</UniqueIdentifier>
      <Extensions>ts</Extensions>
    </Filter>
    <Filter Include="Algo">
      <UniqueIdentifier>{45079519-464f-4d8d-b9af-fd55620a203e}</UniqueIdentifier>
    </Filter>
  </ItemGroup>
  <ItemGroup>
    <QtRcc Include="mainwindow.qrc">
      <Filter>Resource Files</Filter>
    </QtRcc>
    <QtUic Include="mainwindow.ui">
      <Filter>Form Files</Filter>
    </QtUic>
    <QtMoc Include="mainwindow.h">
      <Filter>Header Files</Filter>
    </QtMoc>
    <ClCompile Include="mainwindow.cpp">
      <Filter>Source Files</Filter>
    </ClCompile>
  </ItemGroup>
  <ItemGroup>
    <ClCompile Include="main.cpp">
      <Filter>Source Files</Filter>
    </ClCompile>
    <ClCompile Include="Classes\cellitem.cpp">
      <Filter>Source Files</Filter>
    </ClCompile>
    <ClCompile Include="Widgets\mainstatusbar.cpp">
      <Filter>Source Files</Filter>
    </ClCompile>
    <ClCompile Include="..\AlgorithmLi\Abstract\BaseField.cpp">
      <Filter>Algo</Filter>
    </ClCompile>
    <ClCompile Include="..\AlgorithmLi\Algorithm\Field.cpp">
      <Filter>Algo</Filter>
    </ClCompile>
    <ClCompile Include="..\AlgorithmLi\Algorithm\FieldCell.cpp">
      <Filter>Algo</Filter>
    </ClCompile>
    <ClCompile Include="..\AlgorithmLi\Algorithm\Point.cpp">
      <Filter>Algo</Filter>
    </ClCompile>
    <ClCompile Include="..\AlgorithmLi\Labirint\LabirintMap.cpp">
      <Filter>Algo</Filter>
    </ClCompile>
    <ClCompile Include="..\AlgorithmLi\pch.cpp">
      <Filter>Algo</Filter>
    </ClCompile>
  </ItemGroup>
  <ItemGroup>
    <ClInclude Include="Classes\cellitem.h">
      <Filter>Header Files</Filter>
    </ClInclude>
    <ClInclude Include="..\AlgorithmLi\Abstract\BaseField.h">
      <Filter>Algo</Filter>
    </ClInclude>
    <ClInclude Include="..\AlgorithmLi\Algorithm\Field.h">
      <Filter>Algo</Filter>
    </ClInclude>
    <ClInclude Include="..\AlgorithmLi\Algorithm\FieldCell.h">
      <Filter>Algo</Filter>
    </ClInclude>
    <ClInclude Include="..\AlgorithmLi\Algorithm\Point.h">
      <Filter>Algo</Filter>
    </ClInclude>
    <ClInclude Include="..\AlgorithmLi\Labirint\LabirintMap.h">
      <Filter>Algo</Filter>
    </ClInclude>
    <ClInclude Include="..\AlgorithmLi\framework.h">
      <Filter>Algo</Filter>
    </ClInclude>
    <ClInclude Include="..\AlgorithmLi\pch.h">
      <Filter>Algo</Filter>
    </ClInclude>
  </ItemGroup>
  <ItemGroup>
    <QtMoc Include="Widgets\mainstatusbar.h">
      <Filter>Header Files</Filter>
    </QtMoc>
  </ItemGroup>
</Project>